{
  "name": "thesmartlayer",
  "version": "1.0.0",
  "lockfileVersion": 3,
  "requires": true,
  "packages": {
    "": {
      "name": "thesmartlayer",
      "version": "1.0.0",
      "license": "ISC",
      "dependencies": {
        "retell-sdk": "^5.9.0"
      }
    },
    "node_modules/retell-sdk": {
      "version": "5.9.0",
      "resolved": "https://registry.npmjs.org/retell-sdk/-/retell-sdk-5.9.0.tgz",
      "integrity": "sha512-tdk9vUa2Mqajdp8eK3aWroNEu/pvGuPi8sXVh8DjQGAu6hK7ug2CZ4pMgKvEIuRxAj/OC0HvSZ3vKXOKNjjGqg==",
      "license": "Apache-2.0"
    }
  }
}
